
Microsoft Visual Studio Solution File, Format Version 12.00
# Visual Studio Version 17
VisualStudioVersion = 17.5.002.0
MinimumVisualStudioVersion = 10.0.40219.1
Project("{9A19103F-16F7-4668-BE54-9A1E7A4F7556}") = "LeadsManagement", "LeadsManagement.csproj", "{68EBCC3C-7946-4DD7-962A-4D9A46E580D6}"
EndProject
Global
	GlobalSection(SolutionConfigurationPlatforms) = preSolution
		Debug|Any CPU = Debug|Any CPU
		Release|Any CPU = Release|Any CPU
	EndGlobalSection
	GlobalSection(ProjectConfigurationPlatforms) = postSolution
		{68EBCC3C-7946-4DD7-962A-4D9A46E580D6}.Debug|Any CPU.ActiveCfg = Debug|Any CPU
		{68EBCC3C-7946-4DD7-962A-4D9A46E580D6}.Debug|Any CPU.Build.0 = Debug|Any CPU
		{68EBCC3C-7946-4DD7-962A-4D9A46E580D6}.Release|Any CPU.ActiveCfg = Release|Any CPU
		{68EBCC3C-7946-4DD7-962A-4D9A46E580D6}.Release|Any CPU.Build.0 = Release|Any CPU
	EndGlobalSection
	GlobalSection(SolutionProperties) = preSolution
		HideSolutionNode = FALSE
	EndGlobalSection
	GlobalSection(ExtensibilityGlobals) = postSolution
		SolutionGuid = {6F063B41-AAF6-473C-BE86-43EBE7F00483}
	EndGlobalSection
EndGlobal
